
Microsoft Visual Studio Solution File, Format Version 12.00
# Visual Studio Version 16
VisualStudioVersion = 16.0.30320.27
MinimumVisualStudioVersion = 10.0.40219.1
Project("{FAE04EC0-301F-11D3-BF4B-00C04F79EFBC}") = "PracticeLooping", "PracticeLooping\PracticeLooping.csproj", "{3DA06658-C2AB-4848-A872-F26F635FDA4E}"
EndProject
Global
	GlobalSection(SolutionConfigurationPlatforms) = preSolution
		Debug|Any CPU = Debug|Any CPU
		Release|Any CPU = Release|Any CPU
	EndGlobalSection
	GlobalSection(ProjectConfigurationPlatforms) = postSolution
		{3DA06658-C2AB-4848-A872-F26F635FDA4E}.Debug|Any CPU.ActiveCfg = Debug|Any CPU
		{3DA06658-C2AB-4848-A872-F26F635FDA4E}.Debug|Any CPU.Build.0 = Debug|Any CPU
		{3DA06658-C2AB-4848-A872-F26F635FDA4E}.Release|Any CPU.ActiveCfg = Release|Any CPU
		{3DA06658-C2AB-4848-A872-F26F635FDA4E}.Release|Any CPU.Build.0 = Release|Any CPU
	EndGlobalSection
	GlobalSection(SolutionProperties) = preSolution
		HideSolutionNode = FALSE
	EndGlobalSection
	GlobalSection(ExtensibilityGlobals) = postSolution
		SolutionGuid = {86016B9D-6ED1-4D83-87C7-2A93F80B4461}
	EndGlobalSection
EndGlobal
